
Microsoft Visual Studio Solution File, Format Version 12.00
# Visual Studio Version 16
VisualStudioVersion = 16.0.30907.101
MinimumVisualStudioVersion = 10.0.40219.1
Project("{FAE04EC0-301F-11D3-BF4B-00C04F79EFBC}") = "TwitchGrobs", "TwitchGrobs\TwitchGrobs.csproj", "{59FB7A8D-9E66-4942-8E33-6FAF9AB4FE3A}"
EndProject
Global
	GlobalSection(SolutionConfigurationPlatforms) = preSolution
		Debug|Any CPU = Debug|Any CPU
		Release|Any CPU = Release|Any CPU
	EndGlobalSection
	GlobalSection(ProjectConfigurationPlatforms) = postSolution
		{59FB7A8D-9E66-4942-8E33-6FAF9AB4FE3A}.Debug|Any CPU.ActiveCfg = Debug|Any CPU
		{59FB7A8D-9E66-4942-8E33-6FAF9AB4FE3A}.Debug|Any CPU.Build.0 = Debug|Any CPU
		{59FB7A8D-9E66-4942-8E33-6FAF9AB4FE3A}.Release|Any CPU.ActiveCfg = Release|Any CPU
		{59FB7A8D-9E66-4942-8E33-6FAF9AB4FE3A}.Release|Any CPU.Build.0 = Release|Any CPU
	EndGlobalSection
	GlobalSection(SolutionProperties) = preSolution
		HideSolutionNode = FALSE
	EndGlobalSection
	GlobalSection(ExtensibilityGlobals) = postSolution
		SolutionGuid = {47206D46-FA1B-4B7A-989C-54352537FC6E}
	EndGlobalSection
EndGlobal
